
Microsoft Visual Studio Solution File, Format Version 12.00
# Visual Studio Version 17
VisualStudioVersion = 17.11.35219.272
MinimumVisualStudioVersion = 10.0.40219.1
Project("{9A19103F-16F7-4668-BE54-9A1E7A4F7556}") = "Calculadora", "Calculadora.csproj", "{BE6D994A-97ED-405A-90DD-B0B32D63AD27}"
EndProject
Global
	GlobalSection(SolutionConfigurationPlatforms) = preSolution
		Debug|Any CPU = Debug|Any CPU
		Release|Any CPU = Release|Any CPU
	EndGlobalSection
	GlobalSection(ProjectConfigurationPlatforms) = postSolution
		{BE6D994A-97ED-405A-90DD-B0B32D63AD27}.Debug|Any CPU.ActiveCfg = Debug|Any CPU
		{BE6D994A-97ED-405A-90DD-B0B32D63AD27}.Debug|Any CPU.Build.0 = Debug|Any CPU
		{BE6D994A-97ED-405A-90DD-B0B32D63AD27}.Release|Any CPU.ActiveCfg = Release|Any CPU
		{BE6D994A-97ED-405A-90DD-B0B32D63AD27}.Release|Any CPU.Build.0 = Release|Any CPU
	EndGlobalSection
	GlobalSection(SolutionProperties) = preSolution
		HideSolutionNode = FALSE
	EndGlobalSection
	GlobalSection(ExtensibilityGlobals) = postSolution
		SolutionGuid = {49368617-B3FF-4CF9-A337-289DD7C10B1B}
	EndGlobalSection
EndGlobal
